
Microsoft Visual Studio Solution File, Format Version 12.00
# Visual Studio Version 17
VisualStudioVersion = 17.4.33213.308
MinimumVisualStudioVersion = 10.0.40219.1
Project("{9A19103F-16F7-4668-BE54-9A1E7A4F7556}") = "BlazorSample", "BlazorSample.csproj", "{59143D88-13E7-4EA5-9106-6C543D4C65CD}"
EndProject
Global
	GlobalSection(SolutionConfigurationPlatforms) = preSolution
		Debug|Any CPU = Debug|Any CPU
		Release|Any CPU = Release|Any CPU
	EndGlobalSection
	GlobalSection(ProjectConfigurationPlatforms) = postSolution
		{59143D88-13E7-4EA5-9106-6C543D4C65CD}.Debug|Any CPU.ActiveCfg = Debug|Any CPU
		{59143D88-13E7-4EA5-9106-6C543D4C65CD}.Debug|Any CPU.Build.0 = Debug|Any CPU
		{59143D88-13E7-4EA5-9106-6C543D4C65CD}.Release|Any CPU.ActiveCfg = Release|Any CPU
		{59143D88-13E7-4EA5-9106-6C543D4C65CD}.Release|Any CPU.Build.0 = Release|Any CPU
	EndGlobalSection
	GlobalSection(SolutionProperties) = preSolution
		HideSolutionNode = FALSE
	EndGlobalSection
	GlobalSection(ExtensibilityGlobals) = postSolution
		SolutionGuid = {02DE1E2F-12D4-42F8-8BF0-454F43F37BD2}
	EndGlobalSection
EndGlobal
